
Microsoft Visual Studio Solution File, Format Version 12.00
# Visual Studio 15
VisualStudioVersion = 15.0.27703.2035
MinimumVisualStudioVersion = 10.0.40219.1
Project("{8BC9CEB8-8B4A-11D0-8D11-00A0C91BC942}") = "Installer", "Installer\Installer.vcxproj", "{EB08E01F-A62D-4471-BBEF-12BF0B9A9409}"
EndProject
Global
	GlobalSection(SolutionConfigurationPlatforms) = preSolution
		Debug|x64 = Debug|x64
		Debug|x86 = Debug|x86
		Release|x64 = Release|x64
		Release|x86 = Release|x86
	EndGlobalSection
	GlobalSection(ProjectConfigurationPlatforms) = postSolution
		{EB08E01F-A62D-4471-BBEF-12BF0B9A9409}.Debug|x64.ActiveCfg = Debug|x64
		{EB08E01F-A62D-4471-BBEF-12BF0B9A9409}.Debug|x64.Build.0 = Debug|x64
		{EB08E01F-A62D-4471-BBEF-12BF0B9A9409}.Debug|x86.ActiveCfg = Debug|Win32
		{EB08E01F-A62D-4471-BBEF-12BF0B9A9409}.Debug|x86.Build.0 = Debug|Win32
		{EB08E01F-A62D-4471-BBEF-12BF0B9A9409}.Release|x64.ActiveCfg = Release|x64
		{EB08E01F-A62D-4471-BBEF-12BF0B9A9409}.Release|x64.Build.0 = Release|x64
		{EB08E01F-A62D-4471-BBEF-12BF0B9A9409}.Release|x86.ActiveCfg = Release|Win32
		{EB08E01F-A62D-4471-BBEF-12BF0B9A9409}.Release|x86.Build.0 = Release|Win32
	EndGlobalSection
	GlobalSection(SolutionProperties) = preSolution
		HideSolutionNode = FALSE
	EndGlobalSection
	GlobalSection(ExtensibilityGlobals) = postSolution
		SolutionGuid = {F443B7AD-440C-4940-8A36-15FD1F8F4C4C}
	EndGlobalSection
EndGlobal
